github.com/tinywasm/fetch v0.1.22 h1:HYz0IA2doZ5bpIZoO5Vju9hmbR3wKENwb5kKUDilBzo=
github.com/tinywasm/fetch v0.1.22/go.mod h1:AtYRsIZTZAdN5XyWVEA9jq2ks1Q9656DG49ccBe1WRs=
github.com/tinywasm/fmt v0.18.9 h1:M8t54VnB6ZBbxph9AF3vbmda366MIlGKRw48SKAdCfA=
github.com/tinywasm/fmt v0.18.9/go.mod h1:L2GCAi6asgytPV6TVvGrRq5Ml+DkUt1Ijo5i/2J1jOY=
github.com/tinywasm/json v0.1.7 h1:/tLcf6qHxEi442S93eLtqtGS9kySMR5Iyi0WHP4TUf4=
github.com/tinywasm/json v0.1.7/go.mod h1:hq39O+4001Cmiau6NP7B/qVsVy7P7C5MIlI6KUWEa5I=
