github.com/tinywasm/context v0.0.18 h1:uKeiAFo6L/PikGSbUu+xcyELGoa4kXomDNwJOlhxrUE=
github.com/tinywasm/context v0.0.18/go.mod h1:3AHZHMiiVZljEGNuYMaLM2OXdZ3bXjoMCmqx3sEGXsA=
github.com/tinywasm/dom v0.6.0 h1:/7r/xIFc4Ka8tWKIkT+mN4mDbSzkyeNBWv1zNbHxTS0=
github.com/tinywasm/dom v0.6.0/go.mod h1:e/fdWoDnYveIwvmZaaB0UBRmYYUyEebPWEt4x25obqc=
github.com/tinywasm/fetch v0.1.23 h1:R8Nr1LwcFUVgQsk5f0CilNNP8r0wc3DPaZuC5O8hYTM=
github.com/tinywasm/fetch v0.1.23/go.mod h1:XR4SHs1qYUFcPcFVw/r+TrwG+9+jENQPslWAKVC6nHQ=
github.com/tinywasm/fmt v0.23.2 h1:NWHfT3Lpi57V5yMytfCuyM65tqHBNrT5HDeqo+Nh//Q=
github.com/tinywasm/fmt v0.23.2/go.mod h1:L2GCAi6asgytPV6TVvGrRq5Ml+DkUt1Ijo5i/2J1jOY=
github.com/tinywasm/form v0.2.1 h1:oKVq3V6RYuUFgIHkw5Z/KAGBhACi+S3U4UpmKXRfbTg=
github.com/tinywasm/form v0.2.1/go.mod h1:FTsu+MjL8XWHmPkCbMXdgrLwXxBkk1k5A/DWTmSeorU=
github.com/tinywasm/json v0.4.2 h1:HkUyYBIl5YHPgfkdrpDQGW8DJ05fGMHlEBKP7/TzDn4=
github.com/tinywasm/json v0.4.2/go.mod h1:QOWcHFUjcq8eJisWhBKPv+lcJNWbogY0+EQvaFBxkFw=
github.com/tinywasm/orm v0.7.0 h1:GzNj6cqwbgEprHLQMcQCyo8bhr0CeHWM4Ajh0tHGSfA=
github.com/tinywasm/orm v0.7.0/go.mod h1:5am9rL7h0m5rqpWWZ1wEY8dTeanKAhQ/q0Y4lMldlPg=
github.com/tinywasm/time v0.4.0 h1:Wo5qFsIM3hg1gy9iADRsbKrKnOt+wG5tFZIrpbWV55E=
github.com/tinywasm/time v0.4.0/go.mod h1:/c7FOB2jSYEyaQh+/f0g9UflP+Th6U91F6ghO8zbvcs=
github.com/tinywasm/unixid v0.2.23 h1:Lp/TER0RwbaT7EcHbQNzXj9LOGA2VD8rC8XLYmxJBc0=
github.com/tinywasm/unixid v0.2.23/go.mod h1:5KPbI26CrW8S7rgMS46gqlLKTYPno3QH49GSB5NSLMU=
