github.com/tinywasm/fmt v0.18.6 h1:7KUWXEHcgsHXzF7h+vdiOehG6vePJljohaUpVHc6iYQ=
github.com/tinywasm/fmt v0.18.6/go.mod h1:L2GCAi6asgytPV6TVvGrRq5Ml+DkUt1Ijo5i/2J1jOY=
github.com/tinywasm/time v0.3.1 h1:TM1XdXyxK5o2A7SLabNo37QUrzXRbyIkSseyKZBJCTo=
github.com/tinywasm/time v0.3.1/go.mod h1:e/WhM6SRuko8xdm92wjyVZsv/ds6SikpaZG6jnzhwFc=
github.com/tinywasm/unixid v0.2.22 h1:zLZUEaZfcM1wgP8k+nfnFhaVJTpRRhHVuF9U/00e5cc=
github.com/tinywasm/unixid v0.2.22/go.mod h1:cCl8Tvz/8lM0A/2DQuSD5MxYqZ9fcL7EtRSOuWTlz4g=
